
Microsoft Visual Studio Solution File, Format Version 12.00
# Visual Studio Version 17
VisualStudioVersion = 17.5.33530.505
MinimumVisualStudioVersion = 10.0.40219.1
Project("{FAE04EC0-301F-11D3-BF4B-00C04F79EFBC}") = "teste", "teste\teste.csproj", "{52B93867-4ED6-4DB7-A5F3-68FA56C526E8}"
EndProject
Global
	GlobalSection(SolutionConfigurationPlatforms) = preSolution
		Debug|Any CPU = Debug|Any CPU
		Release|Any CPU = Release|Any CPU
	EndGlobalSection
	GlobalSection(ProjectConfigurationPlatforms) = postSolution
		{52B93867-4ED6-4DB7-A5F3-68FA56C526E8}.Debug|Any CPU.ActiveCfg = Debug|Any CPU
		{52B93867-4ED6-4DB7-A5F3-68FA56C526E8}.Debug|Any CPU.Build.0 = Debug|Any CPU
		{52B93867-4ED6-4DB7-A5F3-68FA56C526E8}.Release|Any CPU.ActiveCfg = Release|Any CPU
		{52B93867-4ED6-4DB7-A5F3-68FA56C526E8}.Release|Any CPU.Build.0 = Release|Any CPU
	EndGlobalSection
	GlobalSection(SolutionProperties) = preSolution
		HideSolutionNode = FALSE
	EndGlobalSection
	GlobalSection(ExtensibilityGlobals) = postSolution
		SolutionGuid = {57C5D96C-FFEC-4359-9466-449D3F7E4E6D}
	EndGlobalSection
EndGlobal
